
Microsoft Visual Studio Solution File, Format Version 12.00
# Visual Studio Version 16
VisualStudioVersion = 16.0.31112.23
MinimumVisualStudioVersion = 10.0.40219.1
Project("{9A19103F-16F7-4668-BE54-9A1E7A4F7556}") = "DataSynthesis.API", "src\DataSynthesis.API\DataSynthesis.API.csproj", "{4B30005D-CD81-47E1-A3BD-FF0CBBDA09BC}"
EndProject
Project("{9A19103F-16F7-4668-BE54-9A1E7A4F7556}") = "DataSynthesis.Data.EF", "src\DataSynthesis.Data.EF\DataSynthesis.Data.EF.csproj", "{8BE3D001-E80D-4CC2-AC8D-35E51D9FEECB}"
EndProject
Global
	GlobalSection(SolutionConfigurationPlatforms) = preSolution
		Debug|Any CPU = Debug|Any CPU
		Release|Any CPU = Release|Any CPU
	EndGlobalSection
	GlobalSection(ProjectConfigurationPlatforms) = postSolution
		{4B30005D-CD81-47E1-A3BD-FF0CBBDA09BC}.Debug|Any CPU.ActiveCfg = Debug|Any CPU
		{4B30005D-CD81-47E1-A3BD-FF0CBBDA09BC}.Debug|Any CPU.Build.0 = Debug|Any CPU
		{4B30005D-CD81-47E1-A3BD-FF0CBBDA09BC}.Release|Any CPU.ActiveCfg = Release|Any CPU
		{4B30005D-CD81-47E1-A3BD-FF0CBBDA09BC}.Release|Any CPU.Build.0 = Release|Any CPU
		{8BE3D001-E80D-4CC2-AC8D-35E51D9FEECB}.Debug|Any CPU.ActiveCfg = Debug|Any CPU
		{8BE3D001-E80D-4CC2-AC8D-35E51D9FEECB}.Debug|Any CPU.Build.0 = Debug|Any CPU
		{8BE3D001-E80D-4CC2-AC8D-35E51D9FEECB}.Release|Any CPU.ActiveCfg = Release|Any CPU
		{8BE3D001-E80D-4CC2-AC8D-35E51D9FEECB}.Release|Any CPU.Build.0 = Release|Any CPU
	EndGlobalSection
	GlobalSection(SolutionProperties) = preSolution
		HideSolutionNode = FALSE
	EndGlobalSection
	GlobalSection(ExtensibilityGlobals) = postSolution
		SolutionGuid = {DD9880DD-57EC-407A-9816-1FBAF32B9463}
	EndGlobalSection
EndGlobal
